
Microsoft Visual Studio Solution File, Format Version 12.00
# Visual Studio 15
VisualStudioVersion = 15.0.28307.329
MinimumVisualStudioVersion = 10.0.40219.1
Project("{FAE04EC0-301F-11D3-BF4B-00C04F79EFBC}") = "ScarredWorld.MarkdownGenerator", "ScarredWorld.MarkdownGenerator\ScarredWorld.MarkdownGenerator.csproj", "{F5ED6419-37DF-466B-B1FD-5E2EE2272891}"
EndProject
Global
	GlobalSection(SolutionConfigurationPlatforms) = preSolution
		Debug|Any CPU = Debug|Any CPU
		Release|Any CPU = Release|Any CPU
	EndGlobalSection
	GlobalSection(ProjectConfigurationPlatforms) = postSolution
		{F5ED6419-37DF-466B-B1FD-5E2EE2272891}.Debug|Any CPU.ActiveCfg = Debug|Any CPU
		{F5ED6419-37DF-466B-B1FD-5E2EE2272891}.Debug|Any CPU.Build.0 = Debug|Any CPU
		{F5ED6419-37DF-466B-B1FD-5E2EE2272891}.Release|Any CPU.ActiveCfg = Release|Any CPU
		{F5ED6419-37DF-466B-B1FD-5E2EE2272891}.Release|Any CPU.Build.0 = Release|Any CPU
	EndGlobalSection
	GlobalSection(SolutionProperties) = preSolution
		HideSolutionNode = FALSE
	EndGlobalSection
	GlobalSection(ExtensibilityGlobals) = postSolution
		SolutionGuid = {2AF4542C-EF32-4F4C-A983-CDE374BD886B}
	EndGlobalSection
EndGlobal
